
Microsoft Visual Studio Solution File, Format Version 12.00
# Visual Studio 14
VisualStudioVersion = 14.0.24720.0
MinimumVisualStudioVersion = 10.0.40219.1
Project("{FAE04EC0-301F-11D3-BF4B-00C04F79EFBC}") = "SEDC.AdvancedLinqSetup", "SEDC.AdvancedLinqSetup\SEDC.AdvancedLinqSetup.csproj", "{6C3C0F47-023B-4F68-B302-B9831BDF7458}"
EndProject
Project("{FAE04EC0-301F-11D3-BF4B-00C04F79EFBC}") = "SEDC.AdvancedLinqSetup.Domain", "SEDC.AdvancedLinqSetup.Domain\SEDC.AdvancedLinqSetup.Domain.csproj", "{6D6A66D8-BFB4-4D96-813A-767E9056A1FE}"
EndProject
Global
	GlobalSection(SolutionConfigurationPlatforms) = preSolution
		Debug|Any CPU = Debug|Any CPU
		Release|Any CPU = Release|Any CPU
	EndGlobalSection
	GlobalSection(ProjectConfigurationPlatforms) = postSolution
		{6C3C0F47-023B-4F68-B302-B9831BDF7458}.Debug|Any CPU.ActiveCfg = Debug|Any CPU
		{6C3C0F47-023B-4F68-B302-B9831BDF7458}.Debug|Any CPU.Build.0 = Debug|Any CPU
		{6C3C0F47-023B-4F68-B302-B9831BDF7458}.Release|Any CPU.ActiveCfg = Release|Any CPU
		{6C3C0F47-023B-4F68-B302-B9831BDF7458}.Release|Any CPU.Build.0 = Release|Any CPU
		{6D6A66D8-BFB4-4D96-813A-767E9056A1FE}.Debug|Any CPU.ActiveCfg = Debug|Any CPU
		{6D6A66D8-BFB4-4D96-813A-767E9056A1FE}.Debug|Any CPU.Build.0 = Debug|Any CPU
		{6D6A66D8-BFB4-4D96-813A-767E9056A1FE}.Release|Any CPU.ActiveCfg = Release|Any CPU
		{6D6A66D8-BFB4-4D96-813A-767E9056A1FE}.Release|Any CPU.Build.0 = Release|Any CPU
	EndGlobalSection
	GlobalSection(SolutionProperties) = preSolution
		HideSolutionNode = FALSE
	EndGlobalSection
EndGlobal
